
Microsoft Visual Studio Solution File, Format Version 12.00
# Visual Studio 2013
VisualStudioVersion = 12.0.30501.0
MinimumVisualStudioVersion = 10.0.40219.1
Project("{FAE04EC0-301F-11D3-BF4B-00C04F79EFBC}") = "2012107023-CON", "Telefonia.Console\2012107023-CON.csproj", "{99764089-AECA-49D8-B02B-CB231D0EE1C5}"
EndProject
Project("{FAE04EC0-301F-11D3-BF4B-00C04F79EFBC}") = "2012107023-ENT", "Telefonia.Entities\2012107023-ENT.csproj", "{DDC6B3C4-AB39-4570-AD9E-0D4303F45C39}"
EndProject
Project("{FAE04EC0-301F-11D3-BF4B-00C04F79EFBC}") = "2012107023-PER", "2012107023-PER\2012107023-PER.csproj", "{A5F86B17-F296-437E-8634-83E2566EBF8F}"
EndProject
Global
	GlobalSection(SolutionConfigurationPlatforms) = preSolution
		Debug|Any CPU = Debug|Any CPU
		Release|Any CPU = Release|Any CPU
	EndGlobalSection
	GlobalSection(ProjectConfigurationPlatforms) = postSolution
		{99764089-AECA-49D8-B02B-CB231D0EE1C5}.Debug|Any CPU.ActiveCfg = Debug|Any CPU
		{99764089-AECA-49D8-B02B-CB231D0EE1C5}.Debug|Any CPU.Build.0 = Debug|Any CPU
		{99764089-AECA-49D8-B02B-CB231D0EE1C5}.Release|Any CPU.ActiveCfg = Release|Any CPU
		{99764089-AECA-49D8-B02B-CB231D0EE1C5}.Release|Any CPU.Build.0 = Release|Any CPU
		{DDC6B3C4-AB39-4570-AD9E-0D4303F45C39}.Debug|Any CPU.ActiveCfg = Debug|Any CPU
		{DDC6B3C4-AB39-4570-AD9E-0D4303F45C39}.Debug|Any CPU.Build.0 = Debug|Any CPU
		{DDC6B3C4-AB39-4570-AD9E-0D4303F45C39}.Release|Any CPU.ActiveCfg = Release|Any CPU
		{DDC6B3C4-AB39-4570-AD9E-0D4303F45C39}.Release|Any CPU.Build.0 = Release|Any CPU
		{A5F86B17-F296-437E-8634-83E2566EBF8F}.Debug|Any CPU.ActiveCfg = Debug|Any CPU
		{A5F86B17-F296-437E-8634-83E2566EBF8F}.Debug|Any CPU.Build.0 = Debug|Any CPU
		{A5F86B17-F296-437E-8634-83E2566EBF8F}.Release|Any CPU.ActiveCfg = Release|Any CPU
		{A5F86B17-F296-437E-8634-83E2566EBF8F}.Release|Any CPU.Build.0 = Release|Any CPU
	EndGlobalSection
	GlobalSection(SolutionProperties) = preSolution
		HideSolutionNode = FALSE
	EndGlobalSection
EndGlobal
